
Microsoft Visual Studio Solution File, Format Version 12.00
# Visual Studio Version 17
VisualStudioVersion = 17.11.35303.130
MinimumVisualStudioVersion = 10.0.40219.1
Project("{FAE04EC0-301F-11D3-BF4B-00C04F79EFBC}") = "ProgrammaFinaleGeo", "ProgrammaFinaleGeo.csproj", "{1C7FC53F-B98D-4747-90C9-6D24F2CC52B1}"
EndProject
Global
	GlobalSection(SolutionConfigurationPlatforms) = preSolution
		Debug|Any CPU = Debug|Any CPU
		Release|Any CPU = Release|Any CPU
	EndGlobalSection
	GlobalSection(ProjectConfigurationPlatforms) = postSolution
		{1C7FC53F-B98D-4747-90C9-6D24F2CC52B1}.Debug|Any CPU.ActiveCfg = Debug|Any CPU
		{1C7FC53F-B98D-4747-90C9-6D24F2CC52B1}.Debug|Any CPU.Build.0 = Debug|Any CPU
		{1C7FC53F-B98D-4747-90C9-6D24F2CC52B1}.Release|Any CPU.ActiveCfg = Release|Any CPU
		{1C7FC53F-B98D-4747-90C9-6D24F2CC52B1}.Release|Any CPU.Build.0 = Release|Any CPU
	EndGlobalSection
	GlobalSection(SolutionProperties) = preSolution
		HideSolutionNode = FALSE
	EndGlobalSection
	GlobalSection(ExtensibilityGlobals) = postSolution
		SolutionGuid = {655D93D4-C6F1-48D3-A014-0F87FE8A29CD}
	EndGlobalSection
EndGlobal
