
Microsoft Visual Studio Solution File, Format Version 12.00
# Visual Studio Version 17
VisualStudioVersion = 17.11.35303.130
MinimumVisualStudioVersion = 10.0.40219.1
Project("{FAE04EC0-301F-11D3-BF4B-00C04F79EFBC}") = "ProgrammaGeometria", "ProgrammaGeometria.csproj", "{070E912A-5B3D-4749-B0AE-268E86EB030E}"
EndProject
Global
	GlobalSection(SolutionConfigurationPlatforms) = preSolution
		Debug|Any CPU = Debug|Any CPU
		Release|Any CPU = Release|Any CPU
	EndGlobalSection
	GlobalSection(ProjectConfigurationPlatforms) = postSolution
		{070E912A-5B3D-4749-B0AE-268E86EB030E}.Debug|Any CPU.ActiveCfg = Debug|Any CPU
		{070E912A-5B3D-4749-B0AE-268E86EB030E}.Debug|Any CPU.Build.0 = Debug|Any CPU
		{070E912A-5B3D-4749-B0AE-268E86EB030E}.Release|Any CPU.ActiveCfg = Release|Any CPU
		{070E912A-5B3D-4749-B0AE-268E86EB030E}.Release|Any CPU.Build.0 = Release|Any CPU
	EndGlobalSection
	GlobalSection(SolutionProperties) = preSolution
		HideSolutionNode = FALSE
	EndGlobalSection
	GlobalSection(ExtensibilityGlobals) = postSolution
		SolutionGuid = {FEDDA950-35E4-4526-9160-D81E16C467A2}
	EndGlobalSection
EndGlobal
